
Microsoft Visual Studio Solution File, Format Version 12.00
# Visual Studio Version 17
VisualStudioVersion = 17.3.32825.248
MinimumVisualStudioVersion = 10.0.40219.1
Project("{54A90642-561A-4BB1-A94E-469ADEE60C69}") = "savings_app_frontend", "savings_app_frontend\savings_app_frontend.esproj", "{2EF21B9B-EF5D-45EB-BF21-D5F586AA8134}"
EndProject
Project("{9A19103F-16F7-4668-BE54-9A1E7A4F7556}") = "WebAPI", "savings_app_backend\WebAPI.csproj", "{8D21D039-A69C-4AA9-8E17-0633EC0BE215}"
EndProject
Project("{9A19103F-16F7-4668-BE54-9A1E7A4F7556}") = "savings_app_tests", "savings_app_tests\savings_app_tests.csproj", "{B7B317DD-E54B-4976-B883-4DA8ADDC39D7}"
EndProject
Project("{9A19103F-16F7-4668-BE54-9A1E7A4F7556}") = "Domain", "Domain\Domain.csproj", "{C852251D-D272-4E5A-AB07-35E18DBC1E44}"
EndProject
Project("{9A19103F-16F7-4668-BE54-9A1E7A4F7556}") = "Infrastructure", "Infrastructure\Infrastructure.csproj", "{16A81491-9348-4FEE-894A-228D6D9502D4}"
EndProject
Project("{9A19103F-16F7-4668-BE54-9A1E7A4F7556}") = "Application", "Application\Application.csproj", "{5C4ED8B7-36BC-4B31-A1DF-6779474991E5}"
EndProject
Project("{9A19103F-16F7-4668-BE54-9A1E7A4F7556}") = "PathFinder", "..\..\..\Personal Projects\PathFinder\PathFinder\PathFinder.csproj", "{9371EFB7-D9F9-4B05-85CA-C45B058D0373}"
EndProject
Global
	GlobalSection(SolutionConfigurationPlatforms) = preSolution
		Debug|Any CPU = Debug|Any CPU
		Release|Any CPU = Release|Any CPU
	EndGlobalSection
	GlobalSection(ProjectConfigurationPlatforms) = postSolution
		{2EF21B9B-EF5D-45EB-BF21-D5F586AA8134}.Debug|Any CPU.ActiveCfg = Debug|Any CPU
		{2EF21B9B-EF5D-45EB-BF21-D5F586AA8134}.Debug|Any CPU.Build.0 = Debug|Any CPU
		{2EF21B9B-EF5D-45EB-BF21-D5F586AA8134}.Debug|Any CPU.Deploy.0 = Debug|Any CPU
		{2EF21B9B-EF5D-45EB-BF21-D5F586AA8134}.Release|Any CPU.ActiveCfg = Release|Any CPU
		{2EF21B9B-EF5D-45EB-BF21-D5F586AA8134}.Release|Any CPU.Build.0 = Release|Any CPU
		{2EF21B9B-EF5D-45EB-BF21-D5F586AA8134}.Release|Any CPU.Deploy.0 = Release|Any CPU
		{8D21D039-A69C-4AA9-8E17-0633EC0BE215}.Debug|Any CPU.ActiveCfg = Debug|Any CPU
		{8D21D039-A69C-4AA9-8E17-0633EC0BE215}.Debug|Any CPU.Build.0 = Debug|Any CPU
		{8D21D039-A69C-4AA9-8E17-0633EC0BE215}.Release|Any CPU.ActiveCfg = Release|Any CPU
		{8D21D039-A69C-4AA9-8E17-0633EC0BE215}.Release|Any CPU.Build.0 = Release|Any CPU
		{B7B317DD-E54B-4976-B883-4DA8ADDC39D7}.Debug|Any CPU.ActiveCfg = Debug|Any CPU
		{B7B317DD-E54B-4976-B883-4DA8ADDC39D7}.Debug|Any CPU.Build.0 = Debug|Any CPU
		{B7B317DD-E54B-4976-B883-4DA8ADDC39D7}.Release|Any CPU.ActiveCfg = Release|Any CPU
		{B7B317DD-E54B-4976-B883-4DA8ADDC39D7}.Release|Any CPU.Build.0 = Release|Any CPU
		{C852251D-D272-4E5A-AB07-35E18DBC1E44}.Debug|Any CPU.ActiveCfg = Debug|Any CPU
		{C852251D-D272-4E5A-AB07-35E18DBC1E44}.Debug|Any CPU.Build.0 = Debug|Any CPU
		{C852251D-D272-4E5A-AB07-35E18DBC1E44}.Release|Any CPU.ActiveCfg = Release|Any CPU
		{C852251D-D272-4E5A-AB07-35E18DBC1E44}.Release|Any CPU.Build.0 = Release|Any CPU
		{16A81491-9348-4FEE-894A-228D6D9502D4}.Debug|Any CPU.ActiveCfg = Debug|Any CPU
		{16A81491-9348-4FEE-894A-228D6D9502D4}.Debug|Any CPU.Build.0 = Debug|Any CPU
		{16A81491-9348-4FEE-894A-228D6D9502D4}.Release|Any CPU.ActiveCfg = Release|Any CPU
		{16A81491-9348-4FEE-894A-228D6D9502D4}.Release|Any CPU.Build.0 = Release|Any CPU
		{5C4ED8B7-36BC-4B31-A1DF-6779474991E5}.Debug|Any CPU.ActiveCfg = Debug|Any CPU
		{5C4ED8B7-36BC-4B31-A1DF-6779474991E5}.Debug|Any CPU.Build.0 = Debug|Any CPU
		{5C4ED8B7-36BC-4B31-A1DF-6779474991E5}.Release|Any CPU.ActiveCfg = Release|Any CPU
		{5C4ED8B7-36BC-4B31-A1DF-6779474991E5}.Release|Any CPU.Build.0 = Release|Any CPU
		{9371EFB7-D9F9-4B05-85CA-C45B058D0373}.Debug|Any CPU.ActiveCfg = Debug|Any CPU
		{9371EFB7-D9F9-4B05-85CA-C45B058D0373}.Debug|Any CPU.Build.0 = Debug|Any CPU
		{9371EFB7-D9F9-4B05-85CA-C45B058D0373}.Release|Any CPU.ActiveCfg = Release|Any CPU
		{9371EFB7-D9F9-4B05-85CA-C45B058D0373}.Release|Any CPU.Build.0 = Release|Any CPU
	EndGlobalSection
	GlobalSection(SolutionProperties) = preSolution
		HideSolutionNode = FALSE
	EndGlobalSection
	GlobalSection(ExtensibilityGlobals) = postSolution
		SolutionGuid = {D384DBE2-71E2-454A-943D-DBB6560C3D34}
	EndGlobalSection
EndGlobal
